{
  "name": "llk",
  "version": "0.0.1",
  "lockfileVersion": 1,
  "requires": true,
  "dependencies": {
    "discord.js-action-logger": {
      "version": "1.1.1",
      "resolved": "https://registry.npmjs.org/discord.js-action-logger/-/discord.js-action-logger-1.1.1.tgz",
      "integrity": "sha512-izQh+whOYiZn9xm62VUF/boPCh0T3TeyH+Xwii6PjlWJXpFCxOo7iuxqaC0kNab/JwjX1n3lcHAQ52jRASIOGQ=="
    },
    "fn": {
      "version": "0.2.0",
      "resolved": "https://registry.npmjs.org/fn/-/fn-0.2.0.tgz",
      "integrity": "sha1-JdRRbOwrbEyonHqojJYEipnSDbM="
    },
    "moment": {
      "version": "2.24.0",
      "resolved": "https://registry.npmjs.org/moment/-/moment-2.24.0.tgz",
      "integrity": "sha512-bV7f+6l2QigeBBZSM/6yTNq4P2fNpSWj/0e7jQcy87A8e7o2nAfP/34/2ky5Vw4B9S446EtIhodAzkFCcR4dQg=="
    }
  }
}
